
Microsoft Visual Studio Solution File, Format Version 12.00
# Visual Studio 15
VisualStudioVersion = 15.0.26403.0
MinimumVisualStudioVersion = 10.0.40219.1
Project("{FAE04EC0-301F-11D3-BF4B-00C04F79EFBC}") = "Installer", "Installer\Installer.csproj", "{88E04AF5-497D-4762-AC10-754EDC62A86F}"
EndProject
Project("{FAE04EC0-301F-11D3-BF4B-00C04F79EFBC}") = "MonitorService", "MonitorService\MonitorService.csproj", "{F5EE6913-8CCA-4B99-9B33-27F7B4FBA257}"
EndProject
Global
	GlobalSection(SolutionConfigurationPlatforms) = preSolution
		Debug|Any CPU = Debug|Any CPU
		Release|Any CPU = Release|Any CPU
	EndGlobalSection
	GlobalSection(ProjectConfigurationPlatforms) = postSolution
		{88E04AF5-497D-4762-AC10-754EDC62A86F}.Debug|Any CPU.ActiveCfg = Debug|Any CPU
		{88E04AF5-497D-4762-AC10-754EDC62A86F}.Debug|Any CPU.Build.0 = Debug|Any CPU
		{88E04AF5-497D-4762-AC10-754EDC62A86F}.Release|Any CPU.ActiveCfg = Release|Any CPU
		{88E04AF5-497D-4762-AC10-754EDC62A86F}.Release|Any CPU.Build.0 = Release|Any CPU
		{F5EE6913-8CCA-4B99-9B33-27F7B4FBA257}.Debug|Any CPU.ActiveCfg = Debug|Any CPU
		{F5EE6913-8CCA-4B99-9B33-27F7B4FBA257}.Debug|Any CPU.Build.0 = Debug|Any CPU
		{F5EE6913-8CCA-4B99-9B33-27F7B4FBA257}.Release|Any CPU.ActiveCfg = Release|Any CPU
		{F5EE6913-8CCA-4B99-9B33-27F7B4FBA257}.Release|Any CPU.Build.0 = Release|Any CPU
	EndGlobalSection
	GlobalSection(SolutionProperties) = preSolution
		HideSolutionNode = FALSE
	EndGlobalSection
EndGlobal
